
Microsoft Visual Studio Solution File, Format Version 12.00
# Visual Studio 2013
VisualStudioVersion = 12.0.40629.0
MinimumVisualStudioVersion = 10.0.40219.1
Project("{FAE04EC0-301F-11D3-BF4B-00C04F79EFBC}") = "ErrorHandler", "ErrorHandler\ErrorHandler.csproj", "{EAE9B913-E6EE-4BAE-9945-A59D4B7BD66A}"
EndProject
Project("{FAE04EC0-301F-11D3-BF4B-00C04F79EFBC}") = "TestErrorHandler", "TestErrorHandler\TestErrorHandler.csproj", "{52089D8F-08B8-47B7-BBD0-86E5739BD68E}"
EndProject
Global
	GlobalSection(SolutionConfigurationPlatforms) = preSolution
		Debug|Any CPU = Debug|Any CPU
		Release|Any CPU = Release|Any CPU
	EndGlobalSection
	GlobalSection(ProjectConfigurationPlatforms) = postSolution
		{EAE9B913-E6EE-4BAE-9945-A59D4B7BD66A}.Debug|Any CPU.ActiveCfg = Debug|Any CPU
		{EAE9B913-E6EE-4BAE-9945-A59D4B7BD66A}.Debug|Any CPU.Build.0 = Debug|Any CPU
		{EAE9B913-E6EE-4BAE-9945-A59D4B7BD66A}.Release|Any CPU.ActiveCfg = Release|Any CPU
		{EAE9B913-E6EE-4BAE-9945-A59D4B7BD66A}.Release|Any CPU.Build.0 = Release|Any CPU
		{52089D8F-08B8-47B7-BBD0-86E5739BD68E}.Debug|Any CPU.ActiveCfg = Debug|Any CPU
		{52089D8F-08B8-47B7-BBD0-86E5739BD68E}.Debug|Any CPU.Build.0 = Debug|Any CPU
		{52089D8F-08B8-47B7-BBD0-86E5739BD68E}.Release|Any CPU.ActiveCfg = Release|Any CPU
		{52089D8F-08B8-47B7-BBD0-86E5739BD68E}.Release|Any CPU.Build.0 = Release|Any CPU
	EndGlobalSection
	GlobalSection(SolutionProperties) = preSolution
		HideSolutionNode = FALSE
	EndGlobalSection
EndGlobal
